
Microsoft Visual Studio Solution File, Format Version 12.00
# Visual Studio Version 17
VisualStudioVersion = 17.8.34316.72
MinimumVisualStudioVersion = 10.0.40219.1
Project("{FAE04EC0-301F-11D3-BF4B-00C04F79EFBC}") = "AWACSTicketForm", "AWACSTicketForm\AWACSTicketForm.csproj", "{1578FFE1-CD5E-4D89-B2D1-D20D25241545}"
EndProject
Project("{FAE04EC0-301F-11D3-BF4B-00C04F79EFBC}") = "AWACSTicketSystemWeb", "AWACSTicketSystemWeb\AWACSTicketSystemWeb.csproj", "{80A7AC4B-015B-4A0A-B40C-E01AE23B9C05}"
EndProject
Project("{FAE04EC0-301F-11D3-BF4B-00C04F79EFBC}") = "AWACSTicketLibrary", "AWACSTicketLibrary\AWACSTicketLibrary.csproj", "{02E32A9D-EF4B-400F-9D68-3AF0B82FCEB4}"
EndProject
Project("{FAE04EC0-301F-11D3-BF4B-00C04F79EFBC}") = "AWACSTicketingTest", "AWACSTicketingTest\AWACSTicketingTest.csproj", "{5B1E9410-0716-4F5F-9CE7-C7DCA98AFD0D}"
EndProject
Project("{FAE04EC0-301F-11D3-BF4B-00C04F79EFBC}") = "AWACSTicketSystemLibrary", "AWACSTicketSystemLibrary\AWACSTicketSystemLibrary.csproj", "{C9DAE363-1647-4A9B-9A31-A924D1D6378C}"
EndProject
Global
	GlobalSection(SolutionConfigurationPlatforms) = preSolution
		Debug|Any CPU = Debug|Any CPU
		Release|Any CPU = Release|Any CPU
	EndGlobalSection
	GlobalSection(ProjectConfigurationPlatforms) = postSolution
		{1578FFE1-CD5E-4D89-B2D1-D20D25241545}.Debug|Any CPU.ActiveCfg = Debug|Any CPU
		{1578FFE1-CD5E-4D89-B2D1-D20D25241545}.Debug|Any CPU.Build.0 = Debug|Any CPU
		{1578FFE1-CD5E-4D89-B2D1-D20D25241545}.Release|Any CPU.ActiveCfg = Release|Any CPU
		{1578FFE1-CD5E-4D89-B2D1-D20D25241545}.Release|Any CPU.Build.0 = Release|Any CPU
		{80A7AC4B-015B-4A0A-B40C-E01AE23B9C05}.Debug|Any CPU.ActiveCfg = Debug|Any CPU
		{80A7AC4B-015B-4A0A-B40C-E01AE23B9C05}.Debug|Any CPU.Build.0 = Debug|Any CPU
		{80A7AC4B-015B-4A0A-B40C-E01AE23B9C05}.Release|Any CPU.ActiveCfg = Release|Any CPU
		{80A7AC4B-015B-4A0A-B40C-E01AE23B9C05}.Release|Any CPU.Build.0 = Release|Any CPU
		{02E32A9D-EF4B-400F-9D68-3AF0B82FCEB4}.Debug|Any CPU.ActiveCfg = Debug|Any CPU
		{02E32A9D-EF4B-400F-9D68-3AF0B82FCEB4}.Debug|Any CPU.Build.0 = Debug|Any CPU
		{02E32A9D-EF4B-400F-9D68-3AF0B82FCEB4}.Release|Any CPU.ActiveCfg = Release|Any CPU
		{02E32A9D-EF4B-400F-9D68-3AF0B82FCEB4}.Release|Any CPU.Build.0 = Release|Any CPU
		{5B1E9410-0716-4F5F-9CE7-C7DCA98AFD0D}.Debug|Any CPU.ActiveCfg = Debug|Any CPU
		{5B1E9410-0716-4F5F-9CE7-C7DCA98AFD0D}.Debug|Any CPU.Build.0 = Debug|Any CPU
		{5B1E9410-0716-4F5F-9CE7-C7DCA98AFD0D}.Release|Any CPU.ActiveCfg = Release|Any CPU
		{5B1E9410-0716-4F5F-9CE7-C7DCA98AFD0D}.Release|Any CPU.Build.0 = Release|Any CPU
		{C9DAE363-1647-4A9B-9A31-A924D1D6378C}.Debug|Any CPU.ActiveCfg = Debug|Any CPU
		{C9DAE363-1647-4A9B-9A31-A924D1D6378C}.Debug|Any CPU.Build.0 = Debug|Any CPU
		{C9DAE363-1647-4A9B-9A31-A924D1D6378C}.Release|Any CPU.ActiveCfg = Release|Any CPU
		{C9DAE363-1647-4A9B-9A31-A924D1D6378C}.Release|Any CPU.Build.0 = Release|Any CPU
	EndGlobalSection
	GlobalSection(SolutionProperties) = preSolution
		HideSolutionNode = FALSE
	EndGlobalSection
	GlobalSection(ExtensibilityGlobals) = postSolution
		SolutionGuid = {8659F507-C641-4845-94B1-BEE614016232}
	EndGlobalSection
EndGlobal
